
Microsoft Visual Studio Solution File, Format Version 12.00
# Visual Studio Version 17
VisualStudioVersion = 17.4.33213.308
MinimumVisualStudioVersion = 10.0.40219.1
Project("{FAE04EC0-301F-11D3-BF4B-00C04F79EFBC}") = "WindowsEFDatos", "WindowsEFDatos\WindowsEFDatos.csproj", "{05D8F1A0-13ED-4F14-A34B-BAA4900F26A3}"
EndProject
Global
	GlobalSection(SolutionConfigurationPlatforms) = preSolution
		Debug|Any CPU = Debug|Any CPU
		Release|Any CPU = Release|Any CPU
	EndGlobalSection
	GlobalSection(ProjectConfigurationPlatforms) = postSolution
		{05D8F1A0-13ED-4F14-A34B-BAA4900F26A3}.Debug|Any CPU.ActiveCfg = Debug|Any CPU
		{05D8F1A0-13ED-4F14-A34B-BAA4900F26A3}.Debug|Any CPU.Build.0 = Debug|Any CPU
		{05D8F1A0-13ED-4F14-A34B-BAA4900F26A3}.Release|Any CPU.ActiveCfg = Release|Any CPU
		{05D8F1A0-13ED-4F14-A34B-BAA4900F26A3}.Release|Any CPU.Build.0 = Release|Any CPU
	EndGlobalSection
	GlobalSection(SolutionProperties) = preSolution
		HideSolutionNode = FALSE
	EndGlobalSection
	GlobalSection(ExtensibilityGlobals) = postSolution
		SolutionGuid = {49CC47B0-CE40-4669-AD66-A1039FAE5AF7}
	EndGlobalSection
EndGlobal
